hash: 92340a8ca2a70b9b53cfcb59ad708227a7c4e29cbf107310ca2ee7092b649c30
updated: 2018-05-20T10:08:10.172444+05:30
imports:
- name: github.com/gorilla/context
  version: 08b5f424b9271eedf6f9f0ce86cb9396ed337a42
- name: github.com/gorilla/handlers
  version: 13a38d26174b16d5b4bf6f1094c1389ec9879572
- name: github.com/gorilla/mux
  version: e3702bed27f0d39777b0b37b664b6280e8ef8fbf
testImports: []
